{
  "name": "cssmin",
  "version": "1.0.0",
  "lockfileVersion": 1,
  "requires": true,
  "dependencies": {
    "css-tree": {
      "version": "2.0.4",
      "resolved": "https://registry.npmjs.org/css-tree/-/css-tree-2.0.4.tgz",
      "integrity": "sha512-b4IS9ZUMtGBiNjzYbcj9JhYbyei99R3ai2CSxlu8GQDnoPA/P+NU85hAm0eKDc/Zp660rpK6tFJQ2OSdacMHVg==",
      "dev": true,
      "requires": {
        "mdn-data": "2.0.23",
        "source-map-js": "^1.0.1"
      }
    },
    "csso": {
      "version": "5.0.2",
      "resolved": "https://registry.npmjs.org/csso/-/csso-5.0.2.tgz",
      "integrity": "sha512-llFAe1UfFHy38ziX+YrPMGkn5MxdjzYtz0drvgnjRY/tLPmBRxotYTGO51BsKe9voQA074pEb0udV+piXH4scQ==",
      "dev": true,
      "requires": {
        "css-tree": "~2.0.4"
      }
    },
    "mdn-data": {
      "version": "2.0.23",
      "resolved": "https://registry.npmjs.org/mdn-data/-/mdn-data-2.0.23.tgz",
      "integrity": "sha512-IonVb7pfla2U4zW8rc7XGrtgq11BvYeCxWN8HS+KFBnLDE7XDK9AAMVhRuG6fj9BBsjc69Fqsp6WEActEdNTDQ==",
      "dev": true
    },
    "source-map-js": {
      "version": "1.0.1",
      "resolved": "https://registry.npmjs.org/source-map-js/-/source-map-js-1.0.1.tgz",
      "integrity": "sha512-4+TN2b3tqOCd/kaGRJ/sTYA0tR0mdXx26ipdolxcwtJVqEnqNYvlCAt1q3ypy4QMlYus+Zh34RNtYLoq2oQ4IA==",
      "dev": true
    }
  }
}
